<?xml version="1.0" encoding="utf-8"?>
<Project ToolsVersion="4.0" xmlns="http://schemas.microsoft.com/developer/msbuild/2003">
  <ItemGroup>
    <Filter Include="Point_Render">
      <UniqueIdentifier>{b1a0937f-b29b-408c-bd3a-37eaf93e1c7a}</UniqueIdentifier>
    </Filter>
    <Filter Include="Render_Base">
      <UniqueIdentifier>{190df93d-8306-4f02-8f7d-0905e24aade3}</UniqueIdentifier>
    </Filter>
    <Filter Include="Surface_Mesh_Render">
      <UniqueIdentifier>{a0428685-126e-4810-8dd8-e5222b43ecd9}</UniqueIdentifier>
    </Filter>
  </ItemGroup>
  <ItemGroup>
    <ClInclude Include="..\..\..\Physika_Src\Physika_Render\Render_Base\render_base.h">
      <Filter>Render_Base</Filter>
    </ClInclude>
    <ClInclude Include="..\..\..\Physika_Src\Physika_Render\Point_Render\point_render.h">
      <Filter>Point_Render</Filter>
    </ClInclude>
    <ClInclude Include="..\..\..\Physika_Src\Physika_Render\Surface_Mesh_Render\surface_mesh_render.h">
      <Filter>Surface_Mesh_Render</Filter>
    </ClInclude>
  </ItemGroup>
  <ItemGroup>
    <ClCompile Include="..\..\..\Physika_Src\Physika_Render\Point_Render\point_render.cpp">
      <Filter>Point_Render</Filter>
    </ClCompile>
    <ClCompile Include="..\..\..\Physika_Src\Physika_Render\Surface_Mesh_Render\surface_mesh_render.cpp">
      <Filter>Surface_Mesh_Render</Filter>
    </ClCompile>
  </ItemGroup>
</Project>