
Microsoft Visual Studio Solution File, Format Version 11.00
# Visual Studio 2010
Project("{8BC9CEB8-8B4A-11D0-8D11-00A0C91BC942}") = "Physika_Core", "Physika_Core\Physika_Core.vcxproj", "{0DB4D691-82F5-406F-98CA-719646762AC6}"
EndProject
Project("{8BC9CEB8-8B4A-11D0-8D11-00A0C91BC942}") = "Physika_Geometry", "Physika_Geometry\Physika_Geometry.vcxproj", "{F72C7C8B-CBD2-42AA-973C-420B8A3A25EC}"
	ProjectSection(ProjectDependencies) = postProject
		{0DB4D691-82F5-406F-98CA-719646762AC6} = {0DB4D691-82F5-406F-98CA-719646762AC6}
	EndProjectSection
EndProject
Project("{8BC9CEB8-8B4A-11D0-8D11-00A0C91BC942}") = "Physika_Dynamics", "Physika_Dynamics\Physika_Dynamics.vcxproj", "{A2EE03D1-347C-4A79-95BE-3D8D12EC16F1}"
	ProjectSection(ProjectDependencies) = postProject
		{0DB4D691-82F5-406F-98CA-719646762AC6} = {0DB4D691-82F5-406F-98CA-719646762AC6}
	EndProjectSection
EndProject
Project("{8BC9CEB8-8B4A-11D0-8D11-00A0C91BC942}") = "Physika_Render", "Physika_Render\Physika_Render.vcxproj", "{1F709E98-3B39-4459-BF4A-DDDCB8B45745}"
	ProjectSection(ProjectDependencies) = postProject
		{0DB4D691-82F5-406F-98CA-719646762AC6} = {0DB4D691-82F5-406F-98CA-719646762AC6}
	EndProjectSection
EndProject
Project("{8BC9CEB8-8B4A-11D0-8D11-00A0C91BC942}") = "Physika_IO", "Physika_IO\Physika_IO.vcxproj", "{9B3B283B-4C27-48A4-BAC6-333DD9464F21}"
	ProjectSection(ProjectDependencies) = postProject
		{0DB4D691-82F5-406F-98CA-719646762AC6} = {0DB4D691-82F5-406F-98CA-719646762AC6}
	EndProjectSection
EndProject
Project("{8BC9CEB8-8B4A-11D0-8D11-00A0C91BC942}") = "Physika_GUI", "Physika_GUI\Physika_GUI.vcxproj", "{F792A7F8-4691-45AC-AA0A-EDE4003C67F8}"
	ProjectSection(ProjectDependencies) = postProject
		{0DB4D691-82F5-406F-98CA-719646762AC6} = {0DB4D691-82F5-406F-98CA-719646762AC6}
	EndProjectSection
EndProject
Project("{8BC9CEB8-8B4A-11D0-8D11-00A0C91BC942}") = "APP_Physika", "APP_Physika\APP_Physika.vcxproj", "{18977952-DA45-4C0A-AF84-DFB68009021B}"
	ProjectSection(ProjectDependencies) = postProject
		{9B3B283B-4C27-48A4-BAC6-333DD9464F21} = {9B3B283B-4C27-48A4-BAC6-333DD9464F21}
		{F72C7C8B-CBD2-42AA-973C-420B8A3A25EC} = {F72C7C8B-CBD2-42AA-973C-420B8A3A25EC}
		{0DB4D691-82F5-406F-98CA-719646762AC6} = {0DB4D691-82F5-406F-98CA-719646762AC6}
		{1F709E98-3B39-4459-BF4A-DDDCB8B45745} = {1F709E98-3B39-4459-BF4A-DDDCB8B45745}
		{A2EE03D1-347C-4A79-95BE-3D8D12EC16F1} = {A2EE03D1-347C-4A79-95BE-3D8D12EC16F1}
		{F792A7F8-4691-45AC-AA0A-EDE4003C67F8} = {F792A7F8-4691-45AC-AA0A-EDE4003C67F8}
	EndProjectSection
EndProject
Global
	GlobalSection(SolutionConfigurationPlatforms) = preSolution
		Debug|Win32 = Debug|Win32
		Release|Win32 = Release|Win32
	EndGlobalSection
	GlobalSection(ProjectConfigurationPlatforms) = postSolution
		{0DB4D691-82F5-406F-98CA-719646762AC6}.Debug|Win32.ActiveCfg = Debug|Win32
		{0DB4D691-82F5-406F-98CA-719646762AC6}.Debug|Win32.Build.0 = Debug|Win32
		{0DB4D691-82F5-406F-98CA-719646762AC6}.Release|Win32.ActiveCfg = Release|Win32
		{0DB4D691-82F5-406F-98CA-719646762AC6}.Release|Win32.Build.0 = Release|Win32
		{F72C7C8B-CBD2-42AA-973C-420B8A3A25EC}.Debug|Win32.ActiveCfg = Debug|Win32
		{F72C7C8B-CBD2-42AA-973C-420B8A3A25EC}.Debug|Win32.Build.0 = Debug|Win32
		{F72C7C8B-CBD2-42AA-973C-420B8A3A25EC}.Release|Win32.ActiveCfg = Release|Win32
		{F72C7C8B-CBD2-42AA-973C-420B8A3A25EC}.Release|Win32.Build.0 = Release|Win32
		{A2EE03D1-347C-4A79-95BE-3D8D12EC16F1}.Debug|Win32.ActiveCfg = Debug|Win32
		{A2EE03D1-347C-4A79-95BE-3D8D12EC16F1}.Debug|Win32.Build.0 = Debug|Win32
		{A2EE03D1-347C-4A79-95BE-3D8D12EC16F1}.Release|Win32.ActiveCfg = Release|Win32
		{A2EE03D1-347C-4A79-95BE-3D8D12EC16F1}.Release|Win32.Build.0 = Release|Win32
		{1F709E98-3B39-4459-BF4A-DDDCB8B45745}.Debug|Win32.ActiveCfg = Debug|Win32
		{1F709E98-3B39-4459-BF4A-DDDCB8B45745}.Debug|Win32.Build.0 = Debug|Win32
		{1F709E98-3B39-4459-BF4A-DDDCB8B45745}.Release|Win32.ActiveCfg = Release|Win32
		{1F709E98-3B39-4459-BF4A-DDDCB8B45745}.Release|Win32.Build.0 = Release|Win32
		{9B3B283B-4C27-48A4-BAC6-333DD9464F21}.Debug|Win32.ActiveCfg = Debug|Win32
		{9B3B283B-4C27-48A4-BAC6-333DD9464F21}.Debug|Win32.Build.0 = Debug|Win32
		{9B3B283B-4C27-48A4-BAC6-333DD9464F21}.Release|Win32.ActiveCfg = Release|Win32
		{9B3B283B-4C27-48A4-BAC6-333DD9464F21}.Release|Win32.Build.0 = Release|Win32
		{F792A7F8-4691-45AC-AA0A-EDE4003C67F8}.Debug|Win32.ActiveCfg = Debug|Win32
		{F792A7F8-4691-45AC-AA0A-EDE4003C67F8}.Debug|Win32.Build.0 = Debug|Win32
		{F792A7F8-4691-45AC-AA0A-EDE4003C67F8}.Release|Win32.ActiveCfg = Release|Win32
		{F792A7F8-4691-45AC-AA0A-EDE4003C67F8}.Release|Win32.Build.0 = Release|Win32
		{18977952-DA45-4C0A-AF84-DFB68009021B}.Debug|Win32.ActiveCfg = Debug|Win32
		{18977952-DA45-4C0A-AF84-DFB68009021B}.Debug|Win32.Build.0 = Debug|Win32
		{18977952-DA45-4C0A-AF84-DFB68009021B}.Release|Win32.ActiveCfg = Release|Win32
		{18977952-DA45-4C0A-AF84-DFB68009021B}.Release|Win32.Build.0 = Release|Win32
	EndGlobalSection
	GlobalSection(SolutionProperties) = preSolution
		HideSolutionNode = FALSE
	EndGlobalSection
EndGlobal
