<?xml version="1.0" encoding="utf-8"?>
<Project ToolsVersion="4.0" xmlns="http://schemas.microsoft.com/developer/msbuild/2003">
  <ItemGroup>
    <ClCompile Include="..\..\TESTS\matrix2x2_test.cpp" />
    <ClCompile Include="..\..\TESTS\matrix3x3_test.cpp" />
    <ClCompile Include="..\..\TESTS\vector3d_test.cpp" />
    <ClCompile Include="..\..\TESTS\vector2d_test.cpp" />
    <ClCompile Include="..\..\TESTS\surface_mesh_test.cpp" />
    <ClCompile Include="..\..\TESTS\matrixMxN_test.cpp" />
    <ClCompile Include="..\..\TESTS\quaternion_test.cpp" />
    <ClCompile Include="..\..\TESTS\constitutive_models_test.cpp" />
  </ItemGroup>
</Project>