<?xml version="1.0" encoding="utf-8"?>
<Project ToolsVersion="4.0" xmlns="http://schemas.microsoft.com/developer/msbuild/2003">
  <ItemGroup>
    <Filter Include="Glut">
      <UniqueIdentifier>{945f7610-b27c-4cd7-b948-dbafdb0d451c}</UniqueIdentifier>
    </Filter>
  </ItemGroup>
  <ItemGroup>
    <ClCompile Include="..\..\..\Physika_Src\Physika_GUI\Glut\glut_window.cpp">
      <Filter>Glut</Filter>
    </ClCompile>
  </ItemGroup>
  <ItemGroup>
    <ClInclude Include="..\..\..\Physika_Src\Physika_GUI\Glut\glut_window.h">
      <Filter>Glut</Filter>
    </ClInclude>
  </ItemGroup>
</Project>